{
  "originHash" : "e7966cdc1964e85add3f2c2f2bc807487381a2ecb4d0d103316e882d7b825699",
  "pins" : [
    {
      "identity" : "alamofire",
      "kind" : "remoteSourceControl",
      "location" : "https://github.com/Alamofire/Alamofire.git",
      "state" : {
        "revision" : "513364f870f6bfc468f9d2ff0a95caccc10044c5",
        "version" : "5.10.2"
      }
    },
    {
      "identity" : "facebook-ios-sdk",
      "kind" : "remoteSourceControl",
      "location" : "https://github.com/facebook/facebook-ios-sdk",
      "state" : {
        "revision" : "c19607d535864533523d1f437c84035e5fb101cf",
        "version" : "14.1.0"
      }
    },
    {
      "identity" : "kingfisher",
      "kind" : "remoteSourceControl",
      "location" : "https://github.com/onevcat/Kingfisher.git",
      "state" : {
        "revision" : "2015fda791daa72c8058619545a593bf8c1dd59f",
        "version" : "8.5.0"
      }
    },
    {
      "identity" : "lottie-spm",
      "kind" : "remoteSourceControl",
      "location" : "https://github.com/airbnb/lottie-spm.git",
      "state" : {
        "revision" : "04f2fd18cc9404a0a0917265a449002674f24ec9",
        "version" : "4.5.2"
      }
    },
    {
      "identity" : "swiftyjson",
      "kind" : "remoteSourceControl",
      "location" : "https://github.com/SwiftyJSON/SwiftyJSON",
      "state" : {
        "revision" : "af76cf3ef710b6ca5f8c05f3a31307d44a3c5828",
        "version" : "5.0.2"
      }
    }
  ],
  "version" : 3
}
