// !$*UTF8*$!
{
	archiveVersion = 1;
	classes = {
	};
	objectVersion = 77;
	objects = {

/* Begin PBXBuildFile section */
		F2044C2D2E72C84E0080EDD1 /* Kingfisher in Frameworks */ = {isa = PBXBuildFile; productRef = F2044C2C2E72C84E0080EDD1 /* Kingfisher */; };
		F208BE2E2EA0E81D003604DD /* GoogleSignIn in Frameworks */ = {isa = PBXBuildFile; productRef = F208BE2D2EA0E81D003604DD /* GoogleSignIn */; };
		F208BE302EA0E81D003604DD /* GoogleSignInSwift in Frameworks */ = {isa = PBXBuildFile; productRef = F208BE2F2EA0E81D003604DD /* GoogleSignInSwift */; };
		F228551D2EAF06E1004CB65B /* Alamofire in Frameworks */ = {isa = PBXBuildFile; productRef = F228551C2EAF06E1004CB65B /* Alamofire */; };
		F23B15422E868CF900D96880 /* FacebookCore in Frameworks */ = {isa = PBXBuildFile; productRef = F23B15412E868CF900D96880 /* FacebookCore */; };
		F23B15442E868D0100D96880 /* FacebookLogin in Frameworks */ = {isa = PBXBuildFile; productRef = F23B15432E868D0100D96880 /* FacebookLogin */; };
		F23B15462E868D0800D96880 /* FacebookShare in Frameworks */ = {isa = PBXBuildFile; productRef = F23B15452E868D0800D96880 /* FacebookShare */; };
		F2DF94482E60538500AC8E67 /* Lottie in Frameworks */ = {isa = PBXBuildFile; productRef = F2DF94472E60538500AC8E67 /* Lottie */; };
		F2DF95262E69805D00AC8E67 /* SwiftyJSON in Frameworks */ = {isa = PBXBuildFile; productRef = F2DF95252E69805D00AC8E67 /* SwiftyJSON */; };
		F2F583002EA8E20700FBF6F7 /* SystemConfiguration.framework in Frameworks */ = {isa = PBXBuildFile; fileRef = F2F582FF2EA8E20700FBF6F7 /* SystemConfiguration.framework */; };
		F2F583022EA8E21000FBF6F7 /* Security.framework in Frameworks */ = {isa = PBXBuildFile; fileRef = F2F583012EA8E21000FBF6F7 /* Security.framework */; };
		F2F583052EA8E25D00FBF6F7 /* libc++.tbd in Frameworks */ = {isa = PBXBuildFile; fileRef = F2F583042EA8E23700FBF6F7 /* libc++.tbd */; };
		F2F583062EA8E26900FBF6F7 /* libz.tbd in Frameworks */ = {isa = PBXBuildFile; fileRef = F2F583032EA8E22600FBF6F7 /* libz.tbd */; };
/* End PBXBuildFile section */

/* Begin PBXFileReference section */
		F2B61A6B2E447C5000CC4F17 /* Focus.app */ = {isa = PBXFileReference; explicitFileType = wrapper.application; includeInIndex = 0; path = Focus.app; sourceTree = BUILT_PRODUCTS_DIR; };
		F2F582FF2EA8E20700FBF6F7 /* SystemConfiguration.framework */ = {isa = PBXFileReference; lastKnownFileType = wrapper.framework; name = SystemConfiguration.framework; path = System/Library/Frameworks/SystemConfiguration.framework; sourceTree = SDKROOT; };
		F2F583012EA8E21000FBF6F7 /* Security.framework */ = {isa = PBXFileReference; lastKnownFileType = wrapper.framework; name = Security.framework; path = System/Library/Frameworks/Security.framework; sourceTree = SDKROOT; };
		F2F583032EA8E22600FBF6F7 /* libz.tbd */ = {isa = PBXFileReference; lastKnownFileType = "sourcecode.text-based-dylib-definition"; name = libz.tbd; path = usr/lib/libz.tbd; sourceTree = SDKROOT; };
		F2F583042EA8E23700FBF6F7 /* libc++.tbd */ = {isa = PBXFileReference; lastKnownFileType = "sourcecode.text-based-dylib-definition"; name = "libc++.tbd"; path = "usr/lib/libc++.tbd"; sourceTree = SDKROOT; };
/* End PBXFileReference section */

/* Begin PBXFileSystemSynchronizedBuildFileExceptionSet section */
		F2B61AD92E49E38100CC4F17 /* Exceptions for "Focus" folder in "Focus" target */ = {
			isa = PBXFileSystemSynchronizedBuildFileExceptionSet;
			membershipExceptions = (
				Info.plist,
			);
			target = F2B61A6A2E447C5000CC4F17 /* Focus */;
		};
/* End PBXFileSystemSynchronizedBuildFileExceptionSet section */

/* Begin PBXFileSystemSynchronizedGroupBuildPhaseMembershipExceptionSet section */
		F20DFC4F2E4DDF70007C664F /* Exceptions for "Focus" folder in "Compile Sources" phase from "Focus" target */ = {
			isa = PBXFileSystemSynchronizedGroupBuildPhaseMembershipExceptionSet;
			buildPhase = F2B61A672E447C5000CC4F17 /* Sources */;
			membershipExceptions = (
				"Resource/ShangguRound-Bold.ttf",
				"Resource/ShangguRound-ExtraLight.ttf",
				"Resource/ShangguRound-Heavy.ttf",
				"Resource/ShangguRound-Light.ttf",
				"Resource/ShangguRound-Medium.ttf",
				"Resource/ShangguRound-Normal.ttf",
				"Resource/ShangguRound-Regular.ttf",
			);
		};
/* End PBXFileSystemSynchronizedGroupBuildPhaseMembershipExceptionSet section */

/* Begin PBXFileSystemSynchronizedRootGroup section */
		F2B61A6D2E447C5000CC4F17 /* Focus */ = {
			isa = PBXFileSystemSynchronizedRootGroup;
			exceptions = (
				F2B61AD92E49E38100CC4F17 /* Exceptions for "Focus" folder in "Focus" target */,
				F20DFC4F2E4DDF70007C664F /* Exceptions for "Focus" folder in "Compile Sources" phase from "Focus" target */,
			);
			path = Focus;
			sourceTree = "<group>";
		};
/* End PBXFileSystemSynchronizedRootGroup section */

/* Begin PBXFrameworksBuildPhase section */
		F2B61A682E447C5000CC4F17 /* Frameworks */ = {
			isa = PBXFrameworksBuildPhase;
			buildActionMask = 2147483647;
			files = (
				F228551D2EAF06E1004CB65B /* Alamofire in Frameworks */,
				F208BE302EA0E81D003604DD /* GoogleSignInSwift in Frameworks */,
				F2044C2D2E72C84E0080EDD1 /* Kingfisher in Frameworks */,
				F2F583052EA8E25D00FBF6F7 /* libc++.tbd in Frameworks */,
				F208BE2E2EA0E81D003604DD /* GoogleSignIn in Frameworks */,
				F23B15422E868CF900D96880 /* FacebookCore in Frameworks */,
				F23B15442E868D0100D96880 /* FacebookLogin in Frameworks */,
				F2F583002EA8E20700FBF6F7 /* SystemConfiguration.framework in Frameworks */,
				F2F583062EA8E26900FBF6F7 /* libz.tbd in Frameworks */,
				F2DF95262E69805D00AC8E67 /* SwiftyJSON in Frameworks */,
				F2DF94482E60538500AC8E67 /* Lottie in Frameworks */,
				F2F583022EA8E21000FBF6F7 /* Security.framework in Frameworks */,
				F23B15462E868D0800D96880 /* FacebookShare in Frameworks */,
			);
			runOnlyForDeploymentPostprocessing = 0;
		};
/* End PBXFrameworksBuildPhase section */

/* Begin PBXGroup section */
		F23B15402E868CF900D96880 /* Frameworks */ = {
			isa = PBXGroup;
			children = (
				F2F583042EA8E23700FBF6F7 /* libc++.tbd */,
				F2F583032EA8E22600FBF6F7 /* libz.tbd */,
				F2F583012EA8E21000FBF6F7 /* Security.framework */,
				F2F582FF2EA8E20700FBF6F7 /* SystemConfiguration.framework */,
			);
			name = Frameworks;
			sourceTree = "<group>";
		};
		F2B61A622E447C5000CC4F17 = {
			isa = PBXGroup;
			children = (
				F2B61A6D2E447C5000CC4F17 /* Focus */,
				F23B15402E868CF900D96880 /* Frameworks */,
				F2B61A6C2E447C5000CC4F17 /* Products */,
			);
			sourceTree = "<group>";
		};
		F2B61A6C2E447C5000CC4F17 /* Products */ = {
			isa = PBXGroup;
			children = (
				F2B61A6B2E447C5000CC4F17 /* Focus.app */,
			);
			name = Products;
			sourceTree = "<group>";
		};
/* End PBXGroup section */

/* Begin PBXNativeTarget section */
		F2B61A6A2E447C5000CC4F17 /* Focus */ = {
			isa = PBXNativeTarget;
			buildConfigurationList = F2B61A762E447C5200CC4F17 /* Build configuration list for PBXNativeTarget "Focus" */;
			buildPhases = (
				F2B61A672E447C5000CC4F17 /* Sources */,
				F2B61A682E447C5000CC4F17 /* Frameworks */,
				F2B61A692E447C5000CC4F17 /* Resources */,
			);
			buildRules = (
			);
			dependencies = (
			);
			fileSystemSynchronizedGroups = (
				F2B61A6D2E447C5000CC4F17 /* Focus */,
			);
			name = Focus;
			packageProductDependencies = (
				F2DF94472E60538500AC8E67 /* Lottie */,
				F2DF95252E69805D00AC8E67 /* SwiftyJSON */,
				F2044C2C2E72C84E0080EDD1 /* Kingfisher */,
				F23B15412E868CF900D96880 /* FacebookCore */,
				F23B15432E868D0100D96880 /* FacebookLogin */,
				F23B15452E868D0800D96880 /* FacebookShare */,
				F208BE2D2EA0E81D003604DD /* GoogleSignIn */,
				F208BE2F2EA0E81D003604DD /* GoogleSignInSwift */,
				F228551C2EAF06E1004CB65B /* Alamofire */,
			);
			productName = Focus;
			productReference = F2B61A6B2E447C5000CC4F17 /* Focus.app */;
			productType = "com.apple.product-type.application";
		};
/* End PBXNativeTarget section */

/* Begin PBXProject section */
		F2B61A632E447C5000CC4F17 /* Project object */ = {
			isa = PBXProject;
			attributes = {
				BuildIndependentTargetsInParallel = 1;
				LastSwiftUpdateCheck = 1640;
				LastUpgradeCheck = 1640;
				TargetAttributes = {
					F2B61A6A2E447C5000CC4F17 = {
						CreatedOnToolsVersion = 16.4;
					};
				};
			};
			buildConfigurationList = F2B61A662E447C5000CC4F17 /* Build configuration list for PBXProject "Focus" */;
			developmentRegion = en;
			hasScannedForEncodings = 0;
			knownRegions = (
				en,
				Base,
			);
			mainGroup = F2B61A622E447C5000CC4F17;
			minimizedProjectReferenceProxies = 1;
			packageReferences = (
				F2DF94462E60538500AC8E67 /* XCRemoteSwiftPackageReference "lottie-spm" */,
				F2DF95242E69805D00AC8E67 /* XCRemoteSwiftPackageReference "SwiftyJSON" */,
				F2044C2B2E72C84E0080EDD1 /* XCRemoteSwiftPackageReference "Kingfisher" */,
				F23B153F2E868CDA00D96880 /* XCRemoteSwiftPackageReference "facebook-ios-sdk" */,
				F208BE2C2EA0E81D003604DD /* XCRemoteSwiftPackageReference "GoogleSignIn-iOS" */,
				F228551B2EAF06E1004CB65B /* XCRemoteSwiftPackageReference "Alamofire" */,
			);
			preferredProjectObjectVersion = 77;
			productRefGroup = F2B61A6C2E447C5000CC4F17 /* Products */;
			projectDirPath = "";
			projectRoot = "";
			targets = (
				F2B61A6A2E447C5000CC4F17 /* Focus */,
			);
		};
/* End PBXProject section */

/* Begin PBXResourcesBuildPhase section */
		F2B61A692E447C5000CC4F17 /* Resources */ = {
			isa = PBXResourcesBuildPhase;
			buildActionMask = 2147483647;
			files = (
			);
			runOnlyForDeploymentPostprocessing = 0;
		};
/* End PBXResourcesBuildPhase section */

/* Begin PBXSourcesBuildPhase section */
		F2B61A672E447C5000CC4F17 /* Sources */ = {
			isa = PBXSourcesBuildPhase;
			buildActionMask = 2147483647;
			files = (
			);
			runOnlyForDeploymentPostprocessing = 0;
		};
/* End PBXSourcesBuildPhase section */

/* Begin XCBuildConfiguration section */
		F2B61A742E447C5200CC4F17 /* Debug */ = {
			isa = XCBuildConfiguration;
			buildSettings = {
				ALWAYS_SEARCH_USER_PATHS = NO;
				ASSETCATALOG_COMPILER_GENERATE_SWIFT_ASSET_SYMBOL_EXTENSIONS = YES;
				CLANG_ANALYZER_NONNULL = YES;
				CLANG_ANALYZER_NUMBER_OBJECT_CONVERSION = YES_AGGRESSIVE;
				CLANG_CXX_LANGUAGE_STANDARD = "gnu++20";
				CLANG_ENABLE_MODULES = YES;
				CLANG_ENABLE_OBJC_ARC = YES;
				CLANG_ENABLE_OBJC_WEAK = YES;
				CLANG_WARN_BLOCK_CAPTURE_AUTORELEASING = YES;
				CLANG_WARN_BOOL_CONVERSION = YES;
				CLANG_WARN_COMMA = YES;
				CLANG_WARN_CONSTANT_CONVERSION = YES;
				CLANG_WARN_DEPRECATED_OBJC_IMPLEMENTATIONS = YES;
				CLANG_WARN_DIRECT_OBJC_ISA_USAGE = YES_ERROR;
				CLANG_WARN_DOCUMENTATION_COMMENTS = YES;
				CLANG_WARN_EMPTY_BODY = YES;
				CLANG_WARN_ENUM_CONVERSION = YES;
				CLANG_WARN_INFINITE_RECURSION = YES;
				CLANG_WARN_INT_CONVERSION = YES;
				CLANG_WARN_NON_LITERAL_NULL_CONVERSION = YES;
				CLANG_WARN_OBJC_IMPLICIT_RETAIN_SELF = YES;
				CLANG_WARN_OBJC_LITERAL_CONVERSION = YES;
				CLANG_WARN_OBJC_ROOT_CLASS = YES_ERROR;
				CLANG_WARN_QUOTED_INCLUDE_IN_FRAMEWORK_HEADER = YES;
				CLANG_WARN_RANGE_LOOP_ANALYSIS = YES;
				CLANG_WARN_STRICT_PROTOTYPES = YES;
				CLANG_WARN_SUSPICIOUS_MOVE = YES;
				CLANG_WARN_UNGUARDED_AVAILABILITY = YES_AGGRESSIVE;
				CLANG_WARN_UNREACHABLE_CODE = YES;
				CLANG_WARN__DUPLICATE_METHOD_MATCH = YES;
				COPY_PHASE_STRIP = NO;
				DEBUG_INFORMATION_FORMAT = dwarf;
				DEVELOPMENT_TEAM = WZYWWGU4NH;
				ENABLE_STRICT_OBJC_MSGSEND = YES;
				ENABLE_TESTABILITY = YES;
				ENABLE_USER_SCRIPT_SANDBOXING = YES;
				GCC_C_LANGUAGE_STANDARD = gnu17;
				GCC_DYNAMIC_NO_PIC = NO;
				GCC_NO_COMMON_BLOCKS = YES;
				GCC_OPTIMIZATION_LEVEL = 0;
				GCC_PREPROCESSOR_DEFINITIONS = (
					"DEBUG=1",
					"$(inherited)",
				);
				GCC_WARN_64_TO_32_BIT_CONVERSION = YES;
				GCC_WARN_ABOUT_RETURN_TYPE = YES_ERROR;
				GCC_WARN_UNDECLARED_SELECTOR = YES;
				GCC_WARN_UNINITIALIZED_AUTOS = YES_AGGRESSIVE;
				GCC_WARN_UNUSED_FUNCTION = YES;
				GCC_WARN_UNUSED_VARIABLE = YES;
				IPHONEOS_DEPLOYMENT_TARGET = 18.5;
				LOCALIZATION_PREFERS_STRING_CATALOGS = YES;
				MTL_ENABLE_DEBUG_INFO = INCLUDE_SOURCE;
				MTL_FAST_MATH = YES;
				ONLY_ACTIVE_ARCH = YES;
				SDKROOT = iphoneos;
				SWIFT_ACTIVE_COMPILATION_CONDITIONS = "DEBUG $(inherited)";
				SWIFT_OPTIMIZATION_LEVEL = "-Onone";
			};
			name = Debug;
		};
		F2B61A752E447C5200CC4F17 /* Release */ = {
			isa = XCBuildConfiguration;
			buildSettings = {
				ALWAYS_SEARCH_USER_PATHS = NO;
				ASSETCATALOG_COMPILER_GENERATE_SWIFT_ASSET_SYMBOL_EXTENSIONS = YES;
				CLANG_ANALYZER_NONNULL = YES;
				CLANG_ANALYZER_NUMBER_OBJECT_CONVERSION = YES_AGGRESSIVE;
				CLANG_CXX_LANGUAGE_STANDARD = "gnu++20";
				CLANG_ENABLE_MODULES = YES;
				CLANG_ENABLE_OBJC_ARC = YES;
				CLANG_ENABLE_OBJC_WEAK = YES;
				CLANG_WARN_BLOCK_CAPTURE_AUTORELEASING = YES;
				CLANG_WARN_BOOL_CONVERSION = YES;
				CLANG_WARN_COMMA = YES;
				CLANG_WARN_CONSTANT_CONVERSION = YES;
				CLANG_WARN_DEPRECATED_OBJC_IMPLEMENTATIONS = YES;
				CLANG_WARN_DIRECT_OBJC_ISA_USAGE = YES_ERROR;
				CLANG_WARN_DOCUMENTATION_COMMENTS = YES;
				CLANG_WARN_EMPTY_BODY = YES;
				CLANG_WARN_ENUM_CONVERSION = YES;
				CLANG_WARN_INFINITE_RECURSION = YES;
				CLANG_WARN_INT_CONVERSION = YES;
				CLANG_WARN_NON_LITERAL_NULL_CONVERSION = YES;
				CLANG_WARN_OBJC_IMPLICIT_RETAIN_SELF = YES;
				CLANG_WARN_OBJC_LITERAL_CONVERSION = YES;
				CLANG_WARN_OBJC_ROOT_CLASS = YES_ERROR;
				CLANG_WARN_QUOTED_INCLUDE_IN_FRAMEWORK_HEADER = YES;
				CLANG_WARN_RANGE_LOOP_ANALYSIS = YES;
				CLANG_WARN_STRICT_PROTOTYPES = YES;
				CLANG_WARN_SUSPICIOUS_MOVE = YES;
				CLANG_WARN_UNGUARDED_AVAILABILITY = YES_AGGRESSIVE;
				CLANG_WARN_UNREACHABLE_CODE = YES;
				CLANG_WARN__DUPLICATE_METHOD_MATCH = YES;
				COPY_PHASE_STRIP = NO;
				DEBUG_INFORMATION_FORMAT = "dwarf-with-dsym";
				DEVELOPMENT_TEAM = WZYWWGU4NH;
				ENABLE_NS_ASSERTIONS = NO;
				ENABLE_STRICT_OBJC_MSGSEND = YES;
				ENABLE_USER_SCRIPT_SANDBOXING = YES;
				GCC_C_LANGUAGE_STANDARD = gnu17;
				GCC_NO_COMMON_BLOCKS = YES;
				GCC_WARN_64_TO_32_BIT_CONVERSION = YES;
				GCC_WARN_ABOUT_RETURN_TYPE = YES_ERROR;
				GCC_WARN_UNDECLARED_SELECTOR = YES;
				GCC_WARN_UNINITIALIZED_AUTOS = YES_AGGRESSIVE;
				GCC_WARN_UNUSED_FUNCTION = YES;
				GCC_WARN_UNUSED_VARIABLE = YES;
				IPHONEOS_DEPLOYMENT_TARGET = 18.5;
				LOCALIZATION_PREFERS_STRING_CATALOGS = YES;
				MTL_ENABLE_DEBUG_INFO = NO;
				MTL_FAST_MATH = YES;
				SDKROOT = iphoneos;
				SWIFT_COMPILATION_MODE = wholemodule;
				VALIDATE_PRODUCT = YES;
			};
			name = Release;
		};
		F2B61A772E447C5200CC4F17 /* Debug */ = {
			isa = XCBuildConfiguration;
			buildSettings = {
				ASSETCATALOG_COMPILER_APPICON_NAME = AppIcon;
				ASSETCATALOG_COMPILER_GLOBAL_ACCENT_COLOR_NAME = AccentColor;
				CODE_SIGN_ENTITLEMENTS = Focus/Focus.entitlements;
				CODE_SIGN_STYLE = Automatic;
				CURRENT_PROJECT_VERSION = 1;
				DEVELOPMENT_TEAM = WZYWWGU4NH;
				ENABLE_PREVIEWS = YES;
				FRAMEWORK_SEARCH_PATHS = (
					"$(inherited)",
					"$(PROJECT_DIR)/Focus",
				);
				GENERATE_INFOPLIST_FILE = YES;
				INFOPLIST_FILE = Focus/Info.plist;
				INFOPLIST_KEY_UIApplicationSceneManifest_Generation = YES;
				INFOPLIST_KEY_UIApplicationSupportsIndirectInputEvents = YES;
				INFOPLIST_KEY_UILaunchScreen_Generation = YES;
				INFOPLIST_KEY_UISupportedInterfaceOrientations_iPad = "UIInterfaceOrientationPortrait UIInterfaceOrientationPortraitUpsideDown UIInterfaceOrientationLandscapeLeft UIInterfaceOrientationLandscapeRight";
				INFOPLIST_KEY_UISupportedInterfaceOrientations_iPhone = "UIInterfaceOrientationPortrait UIInterfaceOrientationLandscapeLeft UIInterfaceOrientationLandscapeRight";
				LD_RUNPATH_SEARCH_PATHS = (
					"$(inherited)",
					"@executable_path/Frameworks",
				);
				MARKETING_VERSION = 1.0;
				PRODUCT_BUNDLE_IDENTIFIER = com.jessica.Focus;
				PRODUCT_NAME = "$(TARGET_NAME)";
				SWIFT_EMIT_LOC_STRINGS = YES;
				SWIFT_VERSION = 5.0;
				TARGETED_DEVICE_FAMILY = "1,2";
			};
			name = Debug;
		};
		F2B61A782E447C5200CC4F17 /* Release */ = {
			isa = XCBuildConfiguration;
			buildSettings = {
				ASSETCATALOG_COMPILER_APPICON_NAME = AppIcon;
				ASSETCATALOG_COMPILER_GLOBAL_ACCENT_COLOR_NAME = AccentColor;
				CODE_SIGN_ENTITLEMENTS = Focus/Focus.entitlements;
				CODE_SIGN_STYLE = Automatic;
				CURRENT_PROJECT_VERSION = 1;
				DEVELOPMENT_TEAM = WZYWWGU4NH;
				ENABLE_PREVIEWS = YES;
				FRAMEWORK_SEARCH_PATHS = (
					"$(inherited)",
					"$(PROJECT_DIR)/Focus",
				);
				GENERATE_INFOPLIST_FILE = YES;
				INFOPLIST_FILE = Focus/Info.plist;
				INFOPLIST_KEY_UIApplicationSceneManifest_Generation = YES;
				INFOPLIST_KEY_UIApplicationSupportsIndirectInputEvents = YES;
				INFOPLIST_KEY_UILaunchScreen_Generation = YES;
				INFOPLIST_KEY_UISupportedInterfaceOrientations_iPad = "UIInterfaceOrientationPortrait UIInterfaceOrientationPortraitUpsideDown UIInterfaceOrientationLandscapeLeft UIInterfaceOrientationLandscapeRight";
				INFOPLIST_KEY_UISupportedInterfaceOrientations_iPhone = "UIInterfaceOrientationPortrait UIInterfaceOrientationLandscapeLeft UIInterfaceOrientationLandscapeRight";
				LD_RUNPATH_SEARCH_PATHS = (
					"$(inherited)",
					"@executable_path/Frameworks",
				);
				MARKETING_VERSION = 1.0;
				PRODUCT_BUNDLE_IDENTIFIER = com.jessica.Focus;
				PRODUCT_NAME = "$(TARGET_NAME)";
				SWIFT_EMIT_LOC_STRINGS = YES;
				SWIFT_VERSION = 5.0;
				TARGETED_DEVICE_FAMILY = "1,2";
			};
			name = Release;
		};
/* End XCBuildConfiguration section */

/* Begin XCConfigurationList section */
		F2B61A662E447C5000CC4F17 /* Build configuration list for PBXProject "Focus" */ = {
			isa = XCConfigurationList;
			buildConfigurations = (
				F2B61A742E447C5200CC4F17 /* Debug */,
				F2B61A752E447C5200CC4F17 /* Release */,
			);
			defaultConfigurationIsVisible = 0;
			defaultConfigurationName = Release;
		};
		F2B61A762E447C5200CC4F17 /* Build configuration list for PBXNativeTarget "Focus" */ = {
			isa = XCConfigurationList;
			buildConfigurations = (
				F2B61A772E447C5200CC4F17 /* Debug */,
				F2B61A782E447C5200CC4F17 /* Release */,
			);
			defaultConfigurationIsVisible = 0;
			defaultConfigurationName = Release;
		};
/* End XCConfigurationList section */

/* Begin XCRemoteSwiftPackageReference section */
		F2044C2B2E72C84E0080EDD1 /* XCRemoteSwiftPackageReference "Kingfisher" */ = {
			isa = XCRemoteSwiftPackageReference;
			repositoryURL = "https://github.com/onevcat/Kingfisher.git";
			requirement = {
				kind = upToNextMajorVersion;
				minimumVersion = 8.5.0;
			};
		};
		F208BE2C2EA0E81D003604DD /* XCRemoteSwiftPackageReference "GoogleSignIn-iOS" */ = {
			isa = XCRemoteSwiftPackageReference;
			repositoryURL = "https://github.com/google/GoogleSignIn-iOS";
			requirement = {
				kind = upToNextMajorVersion;
				minimumVersion = 9.0.0;
			};
		};
		F228551B2EAF06E1004CB65B /* XCRemoteSwiftPackageReference "Alamofire" */ = {
			isa = XCRemoteSwiftPackageReference;
			repositoryURL = "https://github.com/Alamofire/Alamofire.git";
			requirement = {
				kind = upToNextMajorVersion;
				minimumVersion = 5.10.2;
			};
		};
		F23B153F2E868CDA00D96880 /* XCRemoteSwiftPackageReference "facebook-ios-sdk" */ = {
			isa = XCRemoteSwiftPackageReference;
			repositoryURL = "https://github.com/facebook/facebook-ios-sdk";
			requirement = {
				kind = upToNextMajorVersion;
				minimumVersion = 14.1.0;
			};
		};
		F2DF94462E60538500AC8E67 /* XCRemoteSwiftPackageReference "lottie-spm" */ = {
			isa = XCRemoteSwiftPackageReference;
			repositoryURL = "https://github.com/airbnb/lottie-spm.git";
			requirement = {
				kind = upToNextMajorVersion;
				minimumVersion = 4.5.2;
			};
		};
		F2DF95242E69805D00AC8E67 /* XCRemoteSwiftPackageReference "SwiftyJSON" */ = {
			isa = XCRemoteSwiftPackageReference;
			repositoryURL = "https://github.com/SwiftyJSON/SwiftyJSON";
			requirement = {
				kind = upToNextMajorVersion;
				minimumVersion = 5.0.2;
			};
		};
/* End XCRemoteSwiftPackageReference section */

/* Begin XCSwiftPackageProductDependency section */
		F2044C2C2E72C84E0080EDD1 /* Kingfisher */ = {
			isa = XCSwiftPackageProductDependency;
			package = F2044C2B2E72C84E0080EDD1 /* XCRemoteSwiftPackageReference "Kingfisher" */;
			productName = Kingfisher;
		};
		F208BE2D2EA0E81D003604DD /* GoogleSignIn */ = {
			isa = XCSwiftPackageProductDependency;
			package = F208BE2C2EA0E81D003604DD /* XCRemoteSwiftPackageReference "GoogleSignIn-iOS" */;
			productName = GoogleSignIn;
		};
		F208BE2F2EA0E81D003604DD /* GoogleSignInSwift */ = {
			isa = XCSwiftPackageProductDependency;
			package = F208BE2C2EA0E81D003604DD /* XCRemoteSwiftPackageReference "GoogleSignIn-iOS" */;
			productName = GoogleSignInSwift;
		};
		F228551C2EAF06E1004CB65B /* Alamofire */ = {
			isa = XCSwiftPackageProductDependency;
			package = F228551B2EAF06E1004CB65B /* XCRemoteSwiftPackageReference "Alamofire" */;
			productName = Alamofire;
		};
		F23B15412E868CF900D96880 /* FacebookCore */ = {
			isa = XCSwiftPackageProductDependency;
			package = F23B153F2E868CDA00D96880 /* XCRemoteSwiftPackageReference "facebook-ios-sdk" */;
			productName = FacebookCore;
		};
		F23B15432E868D0100D96880 /* FacebookLogin */ = {
			isa = XCSwiftPackageProductDependency;
			package = F23B153F2E868CDA00D96880 /* XCRemoteSwiftPackageReference "facebook-ios-sdk" */;
			productName = FacebookLogin;
		};
		F23B15452E868D0800D96880 /* FacebookShare */ = {
			isa = XCSwiftPackageProductDependency;
			package = F23B153F2E868CDA00D96880 /* XCRemoteSwiftPackageReference "facebook-ios-sdk" */;
			productName = FacebookShare;
		};
		F2DF94472E60538500AC8E67 /* Lottie */ = {
			isa = XCSwiftPackageProductDependency;
			package = F2DF94462E60538500AC8E67 /* XCRemoteSwiftPackageReference "lottie-spm" */;
			productName = Lottie;
		};
		F2DF95252E69805D00AC8E67 /* SwiftyJSON */ = {
			isa = XCSwiftPackageProductDependency;
			package = F2DF95242E69805D00AC8E67 /* XCRemoteSwiftPackageReference "SwiftyJSON" */;
			productName = SwiftyJSON;
		};
/* End XCSwiftPackageProductDependency section */
	};
	rootObject = F2B61A632E447C5000CC4F17 /* Project object */;
}
